// !$*UTF8*$!
{
	archiveVersion = 1;
	classes = {
	};
	objectVersion = 48;
	objects = {

/* Begin PBXBuildFile section */
		BA1AF5261FEB80D800E2B8F6 /* Localizable.strings in Resources */ = {isa = PBXBuildFile; fileRef = BA1AF5281FEB80D800E2B8F6 /* Localizable.strings */; };
		BA874F621FE8C31800E69991 /* Tools.swift in Sources */ = {isa = PBXBuildFile; fileRef = BA874F611FE8C31800E69991 /* Tools.swift */; };
		BA874F651FE8C4D500E69991 /* UI.swift in Sources */ = {isa = PBXBuildFile; fileRef = BA874F641FE8C4D500E69991 /* UI.swift */; };
		BA874F671FE8E97000E69991 /* ImagesAdapter.swift in Sources */ = {isa = PBXBuildFile; fileRef = BA874F661FE8E97000E69991 /* ImagesAdapter.swift */; };
		BA874F691FE8ED3500E69991 /* ImageItem.swift in Sources */ = {isa = PBXBuildFile; fileRef = BA874F681FE8ED3500E69991 /* ImageItem.swift */; };
		BA874F6B1FE8ED4300E69991 /* ImageCell.swift in Sources */ = {isa = PBXBuildFile; fileRef = BA874F6A1FE8ED4300E69991 /* ImageCell.swift */; };
		BAD4538F1FE905FA0089B530 /* ContentView.swift in Sources */ = {isa = PBXBuildFile; fileRef = BAD4538E1FE905FA0089B530 /* ContentView.swift */; };
		BAD453911FE966C70089B530 /* SelectedImagesIndicationView.swift in Sources */ = {isa = PBXBuildFile; fileRef = BAD453901FE966C70089B530 /* SelectedImagesIndicationView.swift */; };
		BAD453931FEA0FD50089B530 /* ImagesDownloader.swift in Sources */ = {isa = PBXBuildFile; fileRef = BAD453921FEA0FD40089B530 /* ImagesDownloader.swift */; };
		BAD453951FEA70800089B530 /* ScrollingListener.swift in Sources */ = {isa = PBXBuildFile; fileRef = BAD453941FEA707F0089B530 /* ScrollingListener.swift */; };
		BAED8FC11FE8C16100DBF63E /* AppDelegate.swift in Sources */ = {isa = PBXBuildFile; fileRef = BAED8FC01FE8C16100DBF63E /* AppDelegate.swift */; };
		BAED8FC31FE8C16100DBF63E /* ViewController.swift in Sources */ = {isa = PBXBuildFile; fileRef = BAED8FC21FE8C16100DBF63E /* ViewController.swift */; };
		BAED8FC61FE8C16100DBF63E /* Main.storyboard in Resources */ = {isa = PBXBuildFile; fileRef = BAED8FC41FE8C16100DBF63E /* Main.storyboard */; };
		BAED8FC81FE8C16100DBF63E /* Assets.xcassets in Resources */ = {isa = PBXBuildFile; fileRef = BAED8FC71FE8C16100DBF63E /* Assets.xcassets */; };
		BAED8FCB1FE8C16100DBF63E /* LaunchScreen.storyboard in Resources */ = {isa = PBXBuildFile; fileRef = BAED8FC91FE8C16100DBF63E /* LaunchScreen.storyboard */; };
		BAED8FE21FE8C1E000DBF63E /* ImagesManager.swift in Sources */ = {isa = PBXBuildFile; fileRef = BAED8FE11FE8C1E000DBF63E /* ImagesManager.swift */; };
		BAED8FE41FE8C1F700DBF63E /* TanImagePicker.swift in Sources */ = {isa = PBXBuildFile; fileRef = BAED8FE31FE8C1F700DBF63E /* TanImagePicker.swift */; };
/* End PBXBuildFile section */

/* Begin PBXFileReference section */
		BA1AF5221FEB80BD00E2B8F6 /* zh-Hans */ = {isa = PBXFileReference; lastKnownFileType = text.plist.strings; name = "zh-Hans"; path = "zh-Hans.lproj/LaunchScreen.strings"; sourceTree = "<group>"; };
		BA1AF5231FEB80BD00E2B8F6 /* zh-Hans */ = {isa = PBXFileReference; lastKnownFileType = text.plist.strings; name = "zh-Hans"; path = "zh-Hans.lproj/Main.strings"; sourceTree = "<group>"; };
		BA1AF5271FEB80D800E2B8F6 /* en */ = {isa = PBXFileReference; lastKnownFileType = text.plist.strings; name = en; path = en.lproj/Localizable.strings; sourceTree = "<group>"; };
		BA1AF5291FEB80DB00E2B8F6 /* zh-Hans */ = {isa = PBXFileReference; lastKnownFileType = text.plist.strings; name = "zh-Hans"; path = "zh-Hans.lproj/Localizable.strings"; sourceTree = "<group>"; };
		BA874F611FE8C31800E69991 /* Tools.swift */ = {isa = PBXFileReference; lastKnownFileType = sourcecode.swift; path = Tools.swift; sourceTree = "<group>"; };
		BA874F641FE8C4D500E69991 /* UI.swift */ = {isa = PBXFileReference; lastKnownFileType = sourcecode.swift; path = UI.swift; sourceTree = "<group>"; };
		BA874F661FE8E97000E69991 /* ImagesAdapter.swift */ = {isa = PBXFileReference; lastKnownFileType = sourcecode.swift; path = ImagesAdapter.swift; sourceTree = "<group>"; };
		BA874F681FE8ED3500E69991 /* ImageItem.swift */ = {isa = PBXFileReference; lastKnownFileType = sourcecode.swift; path = ImageItem.swift; sourceTree = "<group>"; };
		BA874F6A1FE8ED4300E69991 /* ImageCell.swift */ = {isa = PBXFileReference; lastKnownFileType = sourcecode.swift; path = ImageCell.swift; sourceTree = "<group>"; };
		BAD4538E1FE905FA0089B530 /* ContentView.swift */ = {isa = PBXFileReference; lastKnownFileType = sourcecode.swift; path = ContentView.swift; sourceTree = "<group>"; };
		BAD453901FE966C70089B530 /* SelectedImagesIndicationView.swift */ = {isa = PBXFileReference; lastKnownFileType = sourcecode.swift; path = SelectedImagesIndicationView.swift; sourceTree = "<group>"; };
		BAD453921FEA0FD40089B530 /* ImagesDownloader.swift */ = {isa = PBXFileReference; lastKnownFileType = sourcecode.swift; path = ImagesDownloader.swift; sourceTree = "<group>"; };
		BAD453941FEA707F0089B530 /* ScrollingListener.swift */ = {isa = PBXFileReference; lastKnownFileType = sourcecode.swift; path = ScrollingListener.swift; sourceTree = "<group>"; };
		BAED8FBD1FE8C16100DBF63E /* TanImagePicker.app */ = {isa = PBXFileReference; explicitFileType = wrapper.application; includeInIndex = 0; path = TanImagePicker.app; sourceTree = BUILT_PRODUCTS_DIR; };
		BAED8FC01FE8C16100DBF63E /* AppDelegate.swift */ = {isa = PBXFileReference; lastKnownFileType = sourcecode.swift; path = AppDelegate.swift; sourceTree = "<group>"; };
		BAED8FC21FE8C16100DBF63E /* ViewController.swift */ = {isa = PBXFileReference; lastKnownFileType = sourcecode.swift; path = ViewController.swift; sourceTree = "<group>"; };
		BAED8FC51FE8C16100DBF63E /* Base */ = {isa = PBXFileReference; lastKnownFileType = file.storyboard; name = Base; path = Base.lproj/Main.storyboard; sourceTree = "<group>"; };
		BAED8FC71FE8C16100DBF63E /* Assets.xcassets */ = {isa = PBXFileReference; lastKnownFileType = folder.assetcatalog; path = Assets.xcassets; sourceTree = "<group>"; };
		BAED8FCA1FE8C16100DBF63E /* Base */ = {isa = PBXFileReference; lastKnownFileType = file.storyboard; name = Base; path = Base.lproj/LaunchScreen.storyboard; sourceTree = "<group>"; };
		BAED8FCC1FE8C16100DBF63E /* Info.plist */ = {isa = PBXFileReference; lastKnownFileType = text.plist.xml; path = Info.plist; sourceTree = "<group>"; };
		BAED8FE11FE8C1E000DBF63E /* ImagesManager.swift */ = {isa = PBXFileReference; lastKnownFileType = sourcecode.swift; path = ImagesManager.swift; sourceTree = "<group>"; };
		BAED8FE31FE8C1F700DBF63E /* TanImagePicker.swift */ = {isa = PBXFileReference; lastKnownFileType = sourcecode.swift; path = TanImagePicker.swift; sourceTree = "<group>"; };
/* End PBXFileReference section */

/* Begin PBXFrameworksBuildPhase section */
		BAED8FBA1FE8C16100DBF63E /* Frameworks */ = {
			isa = PBXFrameworksBuildPhase;
			buildActionMask = 2147483647;
			files = (
			);
			runOnlyForDeploymentPostprocessing = 0;
		};
/* End PBXFrameworksBuildPhase section */

/* Begin PBXGroup section */
		BA1AF51F1FEB7F2400E2B8F6 /* Demo */ = {
			isa = PBXGroup;
			children = (
				BAED8FC91FE8C16100DBF63E /* LaunchScreen.storyboard */,
				BAED8FCC1FE8C16100DBF63E /* Info.plist */,
				BAED8FC01FE8C16100DBF63E /* AppDelegate.swift */,
				BAED8FC21FE8C16100DBF63E /* ViewController.swift */,
				BAED8FC41FE8C16100DBF63E /* Main.storyboard */,
			);
			path = Demo;
			sourceTree = "<group>";
		};
		BA874F631FE8C49500E69991 /* Classes */ = {
			isa = PBXGroup;
			children = (
				BAED8FE31FE8C1F700DBF63E /* TanImagePicker.swift */,
				BAD4538E1FE905FA0089B530 /* ContentView.swift */,
				BAD453901FE966C70089B530 /* SelectedImagesIndicationView.swift */,
				BA874F661FE8E97000E69991 /* ImagesAdapter.swift */,
				BAED8FE11FE8C1E000DBF63E /* ImagesManager.swift */,
				BAD453921FEA0FD40089B530 /* ImagesDownloader.swift */,
				BA874F681FE8ED3500E69991 /* ImageItem.swift */,
				BA874F6A1FE8ED4300E69991 /* ImageCell.swift */,
				BA874F611FE8C31800E69991 /* Tools.swift */,
				BA874F641FE8C4D500E69991 /* UI.swift */,
				BAD453941FEA707F0089B530 /* ScrollingListener.swift */,
			);
			path = Classes;
			sourceTree = "<group>";
		};
		BAED8FB41FE8C16100DBF63E = {
			isa = PBXGroup;
			children = (
				BAED8FBF1FE8C16100DBF63E /* TanImagePicker */,
				BAED8FBE1FE8C16100DBF63E /* Products */,
			);
			sourceTree = "<group>";
		};
		BAED8FBE1FE8C16100DBF63E /* Products */ = {
			isa = PBXGroup;
			children = (
				BAED8FBD1FE8C16100DBF63E /* TanImagePicker.app */,
			);
			name = Products;
			sourceTree = "<group>";
		};
		BAED8FBF1FE8C16100DBF63E /* TanImagePicker */ = {
			isa = PBXGroup;
			children = (
				BA1AF51F1FEB7F2400E2B8F6 /* Demo */,
				BA874F631FE8C49500E69991 /* Classes */,
				BAED8FC71FE8C16100DBF63E /* Assets.xcassets */,
				BA1AF5281FEB80D800E2B8F6 /* Localizable.strings */,
			);
			path = TanImagePicker;
			sourceTree = "<group>";
		};
/* End PBXGroup section */

/* Begin PBXNativeTarget section */
		BAED8FBC1FE8C16100DBF63E /* TanImagePicker */ = {
			isa = PBXNativeTarget;
			buildConfigurationList = BAED8FDA1FE8C16100DBF63E /* Build configuration list for PBXNativeTarget "TanImagePicker" */;
			buildPhases = (
				BAED8FB91FE8C16100DBF63E /* Sources */,
				BAED8FBA1FE8C16100DBF63E /* Frameworks */,
				BAED8FBB1FE8C16100DBF63E /* Resources */,
			);
			buildRules = (
			);
			dependencies = (
			);
			name = TanImagePicker;
			productName = TanImagePicker;
			productReference = BAED8FBD1FE8C16100DBF63E /* TanImagePicker.app */;
			productType = "com.apple.product-type.application";
		};
/* End PBXNativeTarget section */

/* Begin PBXProject section */
		BAED8FB51FE8C16100DBF63E /* Project object */ = {
			isa = PBXProject;
			attributes = {
				LastSwiftUpdateCheck = 0920;
				LastUpgradeCheck = 0920;
				ORGANIZATIONNAME = Tangent;
				TargetAttributes = {
					BAED8FBC1FE8C16100DBF63E = {
						CreatedOnToolsVersion = 9.2;
						ProvisioningStyle = Automatic;
					};
				};
			};
			buildConfigurationList = BAED8FB81FE8C16100DBF63E /* Build configuration list for PBXProject "TanImagePicker" */;
			compatibilityVersion = "Xcode 8.0";
			developmentRegion = en;
			hasScannedForEncodings = 0;
			knownRegions = (
				en,
				Base,
				"zh-Hans",
			);
			mainGroup = BAED8FB41FE8C16100DBF63E;
			productRefGroup = BAED8FBE1FE8C16100DBF63E /* Products */;
			projectDirPath = "";
			projectRoot = "";
			targets = (
				BAED8FBC1FE8C16100DBF63E /* TanImagePicker */,
			);
		};
/* End PBXProject section */

/* Begin PBXResourcesBuildPhase section */
		BAED8FBB1FE8C16100DBF63E /* Resources */ = {
			isa = PBXResourcesBuildPhase;
			buildActionMask = 2147483647;
			files = (
				BAED8FCB1FE8C16100DBF63E /* LaunchScreen.storyboard in Resources */,
				BA1AF5261FEB80D800E2B8F6 /* Localizable.strings in Resources */,
				BAED8FC81FE8C16100DBF63E /* Assets.xcassets in Resources */,
				BAED8FC61FE8C16100DBF63E /* Main.storyboard in Resources */,
			);
			runOnlyForDeploymentPostprocessing = 0;
		};
/* End PBXResourcesBuildPhase section */

/* Begin PBXSourcesBuildPhase section */
		BAED8FB91FE8C16100DBF63E /* Sources */ = {
			isa = PBXSourcesBuildPhase;
			buildActionMask = 2147483647;
			files = (
				BAD453951FEA70800089B530 /* ScrollingListener.swift in Sources */,
				BAED8FE21FE8C1E000DBF63E /* ImagesManager.swift in Sources */,
				BAED8FC31FE8C16100DBF63E /* ViewController.swift in Sources */,
				BAD453931FEA0FD50089B530 /* ImagesDownloader.swift in Sources */,
				BA874F6B1FE8ED4300E69991 /* ImageCell.swift in Sources */,
				BAED8FC11FE8C16100DBF63E /* AppDelegate.swift in Sources */,
				BAED8FE41FE8C1F700DBF63E /* TanImagePicker.swift in Sources */,
				BA874F691FE8ED3500E69991 /* ImageItem.swift in Sources */,
				BAD4538F1FE905FA0089B530 /* ContentView.swift in Sources */,
				BA874F621FE8C31800E69991 /* Tools.swift in Sources */,
				BA874F651FE8C4D500E69991 /* UI.swift in Sources */,
				BAD453911FE966C70089B530 /* SelectedImagesIndicationView.swift in Sources */,
				BA874F671FE8E97000E69991 /* ImagesAdapter.swift in Sources */,
			);
			runOnlyForDeploymentPostprocessing = 0;
		};
/* End PBXSourcesBuildPhase section */

/* Begin PBXVariantGroup section */
		BA1AF5281FEB80D800E2B8F6 /* Localizable.strings */ = {
			isa = PBXVariantGroup;
			children = (
				BA1AF5271FEB80D800E2B8F6 /* en */,
				BA1AF5291FEB80DB00E2B8F6 /* zh-Hans */,
			);
			name = Localizable.strings;
			sourceTree = "<group>";
		};
		BAED8FC41FE8C16100DBF63E /* Main.storyboard */ = {
			isa = PBXVariantGroup;
			children = (
				BAED8FC51FE8C16100DBF63E /* Base */,
				BA1AF5231FEB80BD00E2B8F6 /* zh-Hans */,
			);
			name = Main.storyboard;
			sourceTree = "<group>";
		};
		BAED8FC91FE8C16100DBF63E /* LaunchScreen.storyboard */ = {
			isa = PBXVariantGroup;
			children = (
				BAED8FCA1FE8C16100DBF63E /* Base */,
				BA1AF5221FEB80BD00E2B8F6 /* zh-Hans */,
			);
			name = LaunchScreen.storyboard;
			sourceTree = "<group>";
		};
/* End PBXVariantGroup section */

/* Begin XCBuildConfiguration section */
		BAED8FD81FE8C16100DBF63E /* Debug */ = {
			isa = XCBuildConfiguration;
			buildSettings = {
				ALWAYS_SEARCH_USER_PATHS = NO;
				CLANG_ANALYZER_LOCALIZABILITY_NONLOCALIZED = YES;
				CLANG_ANALYZER_NONNULL = YES;
				CLANG_ANALYZER_NUMBER_OBJECT_CONVERSION = YES_AGGRESSIVE;
				CLANG_CXX_LANGUAGE_STANDARD = "gnu++14";
				CLANG_CXX_LIBRARY = "libc++";
				CLANG_ENABLE_MODULES = YES;
				CLANG_ENABLE_OBJC_ARC = YES;
				CLANG_WARN_BLOCK_CAPTURE_AUTORELEASING = YES;
				CLANG_WARN_BOOL_CONVERSION = YES;
				CLANG_WARN_COMMA = YES;
				CLANG_WARN_CONSTANT_CONVERSION = YES;
				CLANG_WARN_DIRECT_OBJC_ISA_USAGE = YES_ERROR;
				CLANG_WARN_DOCUMENTATION_COMMENTS = YES;
				CLANG_WARN_EMPTY_BODY = YES;
				CLANG_WARN_ENUM_CONVERSION = YES;
				CLANG_WARN_INFINITE_RECURSION = YES;
				CLANG_WARN_INT_CONVERSION = YES;
				CLANG_WARN_NON_LITERAL_NULL_CONVERSION = YES;
				CLANG_WARN_OBJC_LITERAL_CONVERSION = YES;
				CLANG_WARN_OBJC_ROOT_CLASS = YES_ERROR;
				CLANG_WARN_RANGE_LOOP_ANALYSIS = YES;
				CLANG_WARN_STRICT_PROTOTYPES = YES;
				CLANG_WARN_SUSPICIOUS_MOVE = YES;
				CLANG_WARN_UNGUARDED_AVAILABILITY = YES_AGGRESSIVE;
				CLANG_WARN_UNREACHABLE_CODE = YES;
				CLANG_WARN__DUPLICATE_METHOD_MATCH = YES;
				CODE_SIGN_IDENTITY = "iPhone Developer";
				COPY_PHASE_STRIP = NO;
				DEBUG_INFORMATION_FORMAT = dwarf;
				ENABLE_STRICT_OBJC_MSGSEND = YES;
				ENABLE_TESTABILITY = YES;
				GCC_C_LANGUAGE_STANDARD = gnu11;
				GCC_DYNAMIC_NO_PIC = NO;
				GCC_NO_COMMON_BLOCKS = YES;
				GCC_OPTIMIZATION_LEVEL = 0;
				GCC_PREPROCESSOR_DEFINITIONS = (
					"DEBUG=1",
					"$(inherited)",
				);
				GCC_WARN_64_TO_32_BIT_CONVERSION = YES;
				GCC_WARN_ABOUT_RETURN_TYPE = YES_ERROR;
				GCC_WARN_UNDECLARED_SELECTOR = YES;
				GCC_WARN_UNINITIALIZED_AUTOS = YES_AGGRESSIVE;
				GCC_WARN_UNUSED_FUNCTION = YES;
				GCC_WARN_UNUSED_VARIABLE = YES;
				IPHONEOS_DEPLOYMENT_TARGET = 11.2;
				MTL_ENABLE_DEBUG_INFO = YES;
				ONLY_ACTIVE_ARCH = YES;
				SDKROOT = iphoneos;
				SWIFT_ACTIVE_COMPILATION_CONDITIONS = DEBUG;
				SWIFT_OPTIMIZATION_LEVEL = "-Onone";
			};
			name = Debug;
		};
		BAED8FD91FE8C16100DBF63E /* Release */ = {
			isa = XCBuildConfiguration;
			buildSettings = {
				ALWAYS_SEARCH_USER_PATHS = NO;
				CLANG_ANALYZER_LOCALIZABILITY_NONLOCALIZED = YES;
				CLANG_ANALYZER_NONNULL = YES;
				CLANG_ANALYZER_NUMBER_OBJECT_CONVERSION = YES_AGGRESSIVE;
				CLANG_CXX_LANGUAGE_STANDARD = "gnu++14";
				CLANG_CXX_LIBRARY = "libc++";
				CLANG_ENABLE_MODULES = YES;
				CLANG_ENABLE_OBJC_ARC = YES;
				CLANG_WARN_BLOCK_CAPTURE_AUTORELEASING = YES;
				CLANG_WARN_BOOL_CONVERSION = YES;
				CLANG_WARN_COMMA = YES;
				CLANG_WARN_CONSTANT_CONVERSION = YES;
				CLANG_WARN_DIRECT_OBJC_ISA_USAGE = YES_ERROR;
				CLANG_WARN_DOCUMENTATION_COMMENTS = YES;
				CLANG_WARN_EMPTY_BODY = YES;
				CLANG_WARN_ENUM_CONVERSION = YES;
				CLANG_WARN_INFINITE_RECURSION = YES;
				CLANG_WARN_INT_CONVERSION = YES;
				CLANG_WARN_NON_LITERAL_NULL_CONVERSION = YES;
				CLANG_WARN_OBJC_LITERAL_CONVERSION = YES;
				CLANG_WARN_OBJC_ROOT_CLASS = YES_ERROR;
				CLANG_WARN_RANGE_LOOP_ANALYSIS = YES;
				CLANG_WARN_STRICT_PROTOTYPES = YES;
				CLANG_WARN_SUSPICIOUS_MOVE = YES;
				CLANG_WARN_UNGUARDED_AVAILABILITY = YES_AGGRESSIVE;
				CLANG_WARN_UNREACHABLE_CODE = YES;
				CLANG_WARN__DUPLICATE_METHOD_MATCH = YES;
				CODE_SIGN_IDENTITY = "iPhone Developer";
				COPY_PHASE_STRIP = NO;
				DEBUG_INFORMATION_FORMAT = "dwarf-with-dsym";
				ENABLE_NS_ASSERTIONS = NO;
				ENABLE_STRICT_OBJC_MSGSEND = YES;
				GCC_C_LANGUAGE_STANDARD = gnu11;
				GCC_NO_COMMON_BLOCKS = YES;
				GCC_WARN_64_TO_32_BIT_CONVERSION = YES;
				GCC_WARN_ABOUT_RETURN_TYPE = YES_ERROR;
				GCC_WARN_UNDECLARED_SELECTOR = YES;
				GCC_WARN_UNINITIALIZED_AUTOS = YES_AGGRESSIVE;
				GCC_WARN_UNUSED_FUNCTION = YES;
				GCC_WARN_UNUSED_VARIABLE = YES;
				IPHONEOS_DEPLOYMENT_TARGET = 11.2;
				MTL_ENABLE_DEBUG_INFO = NO;
				SDKROOT = iphoneos;
				SWIFT_OPTIMIZATION_LEVEL = "-Owholemodule";
				VALIDATE_PRODUCT = YES;
			};
			name = Release;
		};
		BAED8FDB1FE8C16100DBF63E /* Debug */ = {
			isa = XCBuildConfiguration;
			buildSettings = {
				ASSETCATALOG_COMPILER_APPICON_NAME = AppIcon;
				CODE_SIGN_STYLE = Automatic;
				DEVELOPMENT_TEAM = 9PA6Z533LV;
				INFOPLIST_FILE = "$(SRCROOT)/TanImagePicker/Demo/Info.plist";
				IPHONEOS_DEPLOYMENT_TARGET = 9.0;
				LD_RUNPATH_SEARCH_PATHS = "$(inherited) @executable_path/Frameworks";
				PRODUCT_BUNDLE_IDENTIFIER = personal.tangent.TanImagePicker;
				PRODUCT_NAME = "$(TARGET_NAME)";
				SWIFT_VERSION = 4.0;
				TARGETED_DEVICE_FAMILY = "1,2";
			};
			name = Debug;
		};
		BAED8FDC1FE8C16100DBF63E /* Release */ = {
			isa = XCBuildConfiguration;
			buildSettings = {
				ASSETCATALOG_COMPILER_APPICON_NAME = AppIcon;
				CODE_SIGN_STYLE = Automatic;
				DEVELOPMENT_TEAM = 9PA6Z533LV;
				INFOPLIST_FILE = "$(SRCROOT)/TanImagePicker/Demo/Info.plist";
				IPHONEOS_DEPLOYMENT_TARGET = 9.0;
				LD_RUNPATH_SEARCH_PATHS = "$(inherited) @executable_path/Frameworks";
				PRODUCT_BUNDLE_IDENTIFIER = personal.tangent.TanImagePicker;
				PRODUCT_NAME = "$(TARGET_NAME)";
				SWIFT_VERSION = 4.0;
				TARGETED_DEVICE_FAMILY = "1,2";
			};
			name = Release;
		};
/* End XCBuildConfiguration section */

/* Begin XCConfigurationList section */
		BAED8FB81FE8C16100DBF63E /* Build configuration list for PBXProject "TanImagePicker" */ = {
			isa = XCConfigurationList;
			buildConfigurations = (
				BAED8FD81FE8C16100DBF63E /* Debug */,
				BAED8FD91FE8C16100DBF63E /* Release */,
			);
			defaultConfigurationIsVisible = 0;
			defaultConfigurationName = Release;
		};
		BAED8FDA1FE8C16100DBF63E /* Build configuration list for PBXNativeTarget "TanImagePicker" */ = {
			isa = XCConfigurationList;
			buildConfigurations = (
				BAED8FDB1FE8C16100DBF63E /* Debug */,
				BAED8FDC1FE8C16100DBF63E /* Release */,
			);
			defaultConfigurationIsVisible = 0;
			defaultConfigurationName = Release;
		};
/* End XCConfigurationList section */
	};
	rootObject = BAED8FB51FE8C16100DBF63E /* Project object */;
}
